
Microsoft Visual Studio Solution File, Format Version 12.00
# Visual Studio 14
VisualStudioVersion = 14.0.25420.1
MinimumVisualStudioVersion = 10.0.40219.1
Project("{F184B08F-C81C-45F6-A57F-5ABD9991F28F}") = "NHDPlusHRNavigator", "NHDPlusHRNavigator.vbproj", "{3F5FC436-4D17-46A7-A41F-546F8314E3E3}"
EndProject
Project("{F184B08F-C81C-45F6-A57F-5ABD9991F28F}") = "NHDPlusHRVAANavToolbar", "..\NHDPlusHRVAANavigatorToolBar\NHDPlusHRVAANavToolbar.vbproj", "{4600B1B5-B665-4747-B130-B8D8F6C7D6DB}"
EndProject
Project("{54435603-DBB4-11D2-8724-00A0C9A8B90C}") = "NHDPlusHRVAANavigatorInstall", "..\NHDPlusHRVAANavigatorInstall\NHDPlusHRVAANavigatorInstall.vdproj", "{67C21AA7-1D8E-4748-874C-FC95F8A834C0}"
EndProject
Global
	GlobalSection(SolutionConfigurationPlatforms) = preSolution
		Debug|Any CPU = Debug|Any CPU
		Release|Any CPU = Release|Any CPU
	EndGlobalSection
	GlobalSection(ProjectConfigurationPlatforms) = postSolution
		{3F5FC436-4D17-46A7-A41F-546F8314E3E3}.Debug|Any CPU.ActiveCfg = Debug|Any CPU
		{3F5FC436-4D17-46A7-A41F-546F8314E3E3}.Debug|Any CPU.Build.0 = Debug|Any CPU
		{3F5FC436-4D17-46A7-A41F-546F8314E3E3}.Release|Any CPU.ActiveCfg = Release|Any CPU
		{4600B1B5-B665-4747-B130-B8D8F6C7D6DB}.Debug|Any CPU.ActiveCfg = Debug|Any CPU
		{4600B1B5-B665-4747-B130-B8D8F6C7D6DB}.Debug|Any CPU.Build.0 = Debug|Any CPU
		{4600B1B5-B665-4747-B130-B8D8F6C7D6DB}.Release|Any CPU.ActiveCfg = Release|Any CPU
		{67C21AA7-1D8E-4748-874C-FC95F8A834C0}.Debug|Any CPU.ActiveCfg = Debug
		{67C21AA7-1D8E-4748-874C-FC95F8A834C0}.Release|Any CPU.ActiveCfg = Release
		{67C21AA7-1D8E-4748-874C-FC95F8A834C0}.Release|Any CPU.Build.0 = Release
	EndGlobalSection
	GlobalSection(SolutionProperties) = preSolution
		HideSolutionNode = FALSE
	EndGlobalSection
EndGlobal
